// !$*UTF8*$!
{
	archiveVersion = 1;
	classes = {
	};
	objectVersion = 51;
	objects = {

/* Begin PBXBuildFile section */
		15DBD861258F99800068FEB4 /* MediaPlayerDelegate.swift in Sources */ = {isa = PBXBuildFile; fileRef = 15DBD860258F99800068FEB4 /* MediaPlayerDelegate.swift */; };
		15DBD86D258F9C460068FEB4 /* BTCommunicationDelegate.swift in Sources */ = {isa = PBXBuildFile; fileRef = 15DBD86C258F9C460068FEB4 /* BTCommunicationDelegate.swift */; };
		15DBD875258F9D8B0068FEB4 /* BTParticipantDelegate.swift in Sources */ = {isa = PBXBuildFile; fileRef = 15DBD874258F9D8B0068FEB4 /* BTParticipantDelegate.swift */; };
		15DBD87A258F9D990068FEB4 /* BTHostDelegate.swift in Sources */ = {isa = PBXBuildFile; fileRef = 15DBD879258F9D990068FEB4 /* BTHostDelegate.swift */; };
		15DBD87F258F9DF40068FEB4 /* SearchDelegate.swift in Sources */ = {isa = PBXBuildFile; fileRef = 15DBD87E258F9DF40068FEB4 /* SearchDelegate.swift */; };
		15DBD884258F9E2F0068FEB4 /* HostSearchDelegate.swift in Sources */ = {isa = PBXBuildFile; fileRef = 15DBD883258F9E2F0068FEB4 /* HostSearchDelegate.swift */; };
		15DBD889258F9F700068FEB4 /* ParticipantSearchDelegate.swift in Sources */ = {isa = PBXBuildFile; fileRef = 15DBD888258F9F700068FEB4 /* ParticipantSearchDelegate.swift */; };
		15DBD88E258FA48E0068FEB4 /* HostMPDelegate.swift in Sources */ = {isa = PBXBuildFile; fileRef = 15DBD88D258FA48E0068FEB4 /* HostMPDelegate.swift */; };
		15DBD893258FA49C0068FEB4 /* ParticipantMPDelegate.swift in Sources */ = {isa = PBXBuildFile; fileRef = 15DBD892258FA49C0068FEB4 /* ParticipantMPDelegate.swift */; };
		15DBD898258FB8360068FEB4 /* MediaPlayer.swift in Sources */ = {isa = PBXBuildFile; fileRef = 15DBD897258FB8360068FEB4 /* MediaPlayer.swift */; };
		15DBD89D259001870068FEB4 /* AppleMusicMediaPlayer.swift in Sources */ = {isa = PBXBuildFile; fileRef = 15DBD89C259001870068FEB4 /* AppleMusicMediaPlayer.swift */; };
		15DBD8A2259001B60068FEB4 /* SpotifyMediaPlayer.swift in Sources */ = {isa = PBXBuildFile; fileRef = 15DBD8A1259001B60068FEB4 /* SpotifyMediaPlayer.swift */; };
		15DBD8AD259423400068FEB4 /* SpotifyiOS.framework in Frameworks */ = {isa = PBXBuildFile; fileRef = 15DBD8AC259423400068FEB4 /* SpotifyiOS.framework */; };
		15DBD8BC25951F8A0068FEB4 /* Platform.swift in Sources */ = {isa = PBXBuildFile; fileRef = 15DBD8BB25951F8A0068FEB4 /* Platform.swift */; };
		15DBD8C425957F250068FEB4 /* AuthKey_5CWA2J2HGK.p8 in Resources */ = {isa = PBXBuildFile; fileRef = 15DBD8C325957F250068FEB4 /* AuthKey_5CWA2J2HGK.p8 */; };
		15DBD8CC259617790068FEB4 /* SongItem.swift in Sources */ = {isa = PBXBuildFile; fileRef = 15DBD8CB259617790068FEB4 /* SongItem.swift */; };
		15DBD8D125961C5B0068FEB4 /* AppleMusicSongItem.swift in Sources */ = {isa = PBXBuildFile; fileRef = 15DBD8D025961C5B0068FEB4 /* AppleMusicSongItem.swift */; };
		15DBD8D6259623B00068FEB4 /* SpotifySongItem.swift in Sources */ = {isa = PBXBuildFile; fileRef = 15DBD8D5259623B00068FEB4 /* SpotifySongItem.swift */; };
		863AB4BC259A4AC7004283D7 /* ParticipantMenuViewController.swift in Sources */ = {isa = PBXBuildFile; fileRef = 863AB4BB259A4AC7004283D7 /* ParticipantMenuViewController.swift */; };
		866A92AF258EEFC5000BD69D /* SearchCell.swift in Sources */ = {isa = PBXBuildFile; fileRef = 866A92AD258EEFC5000BD69D /* SearchCell.swift */; };
		866A92B0258EEFC5000BD69D /* SearchCell.xib in Resources */ = {isa = PBXBuildFile; fileRef = 866A92AE258EEFC5000BD69D /* SearchCell.xib */; };
		8695CCCB25958FAE006021DA /* joinableQueueCell.swift in Sources */ = {isa = PBXBuildFile; fileRef = 8695CCC925958FAE006021DA /* joinableQueueCell.swift */; };
		8695CCCC25958FAE006021DA /* joinableQueueCell.xib in Resources */ = {isa = PBXBuildFile; fileRef = 8695CCCA25958FAE006021DA /* joinableQueueCell.xib */; };
		B66EF182258AAEC600E21B4D /* SongCell.swift in Sources */ = {isa = PBXBuildFile; fileRef = B66EF180258AAEC600E21B4D /* SongCell.swift */; };
		B66EF183258AAEC600E21B4D /* SongCell.xib in Resources */ = {isa = PBXBuildFile; fileRef = B66EF181258AAEC600E21B4D /* SongCell.xib */; };
		B67051EF2571F41900E4077C /* AppDelegate.swift in Sources */ = {isa = PBXBuildFile; fileRef = B67051EE2571F41900E4077C /* AppDelegate.swift */; };
		B67051F12571F41900E4077C /* SceneDelegate.swift in Sources */ = {isa = PBXBuildFile; fileRef = B67051F02571F41900E4077C /* SceneDelegate.swift */; };
		B67051F62571F41900E4077C /* Main.storyboard in Resources */ = {isa = PBXBuildFile; fileRef = B67051F42571F41900E4077C /* Main.storyboard */; };
		B67051FB2571F41C00E4077C /* LaunchScreen.storyboard in Resources */ = {isa = PBXBuildFile; fileRef = B67051F92571F41C00E4077C /* LaunchScreen.storyboard */; };
		B670523C2571F8C500E4077C /* ParticipantSettingsVC.swift in Sources */ = {isa = PBXBuildFile; fileRef = B670523B2571F8C500E4077C /* ParticipantSettingsVC.swift */; };
		B6787DAF258405B1004CA055 /* QueueSettingsVC.swift in Sources */ = {isa = PBXBuildFile; fileRef = B6787DAE258405B1004CA055 /* QueueSettingsVC.swift */; };
		B6A5243E257D9F440030F15B /* QueueVC.swift in Sources */ = {isa = PBXBuildFile; fileRef = B6A5243D257D9F440030F15B /* QueueVC.swift */; };
		B6BB3CE325811C6E0043CA04 /* SearchVC.swift in Sources */ = {isa = PBXBuildFile; fileRef = B6BB3CE225811C6E0043CA04 /* SearchVC.swift */; };
		B6C871DE257D3B36004BE0BF /* Assets.xcassets in Resources */ = {isa = PBXBuildFile; fileRef = B6C871DD257D3B36004BE0BF /* Assets.xcassets */; };
		BCF69A2A37FB4632B65B2CB7 /* Pods_Jup.framework in Frameworks */ = {isa = PBXBuildFile; fileRef = DAC39C7FF2E7D3E2C43D8AA1 /* Pods_Jup.framework */; };
		D6FC7CE68E555E1FF9E17900 /* Pods_Jup_JupUITests.framework in Frameworks */ = {isa = PBXBuildFile; fileRef = F42698687C6D536608BDFB5E /* Pods_Jup_JupUITests.framework */; };
		E177387FCAE39C3F95A2521E /* Pods_JupTests.framework in Frameworks */ = {isa = PBXBuildFile; fileRef = B713DC32F1A9C2E49983011F /* Pods_JupTests.framework */; };
/* End PBXBuildFile section */

/* Begin PBXContainerItemProxy section */
		B67052022571F41C00E4077C /* PBXContainerItemProxy */ = {
			isa = PBXContainerItemProxy;
			containerPortal = B67051E32571F41900E4077C /* Project object */;
			proxyType = 1;
			remoteGlobalIDString = B67051EA2571F41900E4077C;
			remoteInfo = Jup;
		};
		B670520D2571F41C00E4077C /* PBXContainerItemProxy */ = {
			isa = PBXContainerItemProxy;
			containerPortal = B67051E32571F41900E4077C /* Project object */;
			proxyType = 1;
			remoteGlobalIDString = B67051EA2571F41900E4077C;
			remoteInfo = Jup;
		};
/* End PBXContainerItemProxy section */

/* Begin PBXFileReference section */
		15DBD860258F99800068FEB4 /* MediaPlayerDelegate.swift */ = {isa = PBXFileReference; lastKnownFileType = sourcecode.swift; path = MediaPlayerDelegate.swift; sourceTree = "<group>"; };
		15DBD86C258F9C460068FEB4 /* BTCommunicationDelegate.swift */ = {isa = PBXFileReference; lastKnownFileType = sourcecode.swift; path = BTCommunicationDelegate.swift; sourceTree = "<group>"; };
		15DBD874258F9D8B0068FEB4 /* BTParticipantDelegate.swift */ = {isa = PBXFileReference; lastKnownFileType = sourcecode.swift; path = BTParticipantDelegate.swift; sourceTree = "<group>"; };
		15DBD879258F9D990068FEB4 /* BTHostDelegate.swift */ = {isa = PBXFileReference; lastKnownFileType = sourcecode.swift; path = BTHostDelegate.swift; sourceTree = "<group>"; };
		15DBD87E258F9DF40068FEB4 /* SearchDelegate.swift */ = {isa = PBXFileReference; lastKnownFileType = sourcecode.swift; path = SearchDelegate.swift; sourceTree = "<group>"; };
		15DBD883258F9E2F0068FEB4 /* HostSearchDelegate.swift */ = {isa = PBXFileReference; lastKnownFileType = sourcecode.swift; path = HostSearchDelegate.swift; sourceTree = "<group>"; };
		15DBD888258F9F700068FEB4 /* ParticipantSearchDelegate.swift */ = {isa = PBXFileReference; lastKnownFileType = sourcecode.swift; path = ParticipantSearchDelegate.swift; sourceTree = "<group>"; };
		15DBD88D258FA48E0068FEB4 /* HostMPDelegate.swift */ = {isa = PBXFileReference; lastKnownFileType = sourcecode.swift; path = HostMPDelegate.swift; sourceTree = "<group>"; };
		15DBD892258FA49C0068FEB4 /* ParticipantMPDelegate.swift */ = {isa = PBXFileReference; lastKnownFileType = sourcecode.swift; path = ParticipantMPDelegate.swift; sourceTree = "<group>"; };
		15DBD897258FB8360068FEB4 /* MediaPlayer.swift */ = {isa = PBXFileReference; lastKnownFileType = sourcecode.swift; path = MediaPlayer.swift; sourceTree = "<group>"; };
		15DBD89C259001870068FEB4 /* AppleMusicMediaPlayer.swift */ = {isa = PBXFileReference; lastKnownFileType = sourcecode.swift; path = AppleMusicMediaPlayer.swift; sourceTree = "<group>"; };
		15DBD8A1259001B60068FEB4 /* SpotifyMediaPlayer.swift */ = {isa = PBXFileReference; lastKnownFileType = sourcecode.swift; path = SpotifyMediaPlayer.swift; sourceTree = "<group>"; };
		15DBD8AC259423400068FEB4 /* SpotifyiOS.framework */ = {isa = PBXFileReference; lastKnownFileType = wrapper.framework; path = SpotifyiOS.framework; sourceTree = "<group>"; };
		15DBD8B4259428010068FEB4 /* Jup-Bridging-Header.h */ = {isa = PBXFileReference; lastKnownFileType = sourcecode.c.h; path = "Jup-Bridging-Header.h"; sourceTree = "<group>"; };
		15DBD8BB25951F8A0068FEB4 /* Platform.swift */ = {isa = PBXFileReference; lastKnownFileType = sourcecode.swift; path = Platform.swift; sourceTree = "<group>"; };
		15DBD8C325957F250068FEB4 /* AuthKey_5CWA2J2HGK.p8 */ = {isa = PBXFileReference; fileEncoding = 4; lastKnownFileType = text; path = AuthKey_5CWA2J2HGK.p8; sourceTree = "<group>"; };
		15DBD8CB259617790068FEB4 /* SongItem.swift */ = {isa = PBXFileReference; lastKnownFileType = sourcecode.swift; path = SongItem.swift; sourceTree = "<group>"; };
		15DBD8D025961C5B0068FEB4 /* AppleMusicSongItem.swift */ = {isa = PBXFileReference; lastKnownFileType = sourcecode.swift; path = AppleMusicSongItem.swift; sourceTree = "<group>"; };
		15DBD8D5259623B00068FEB4 /* SpotifySongItem.swift */ = {isa = PBXFileReference; lastKnownFileType = sourcecode.swift; path = SpotifySongItem.swift; sourceTree = "<group>"; };
		1A7A1DB9A9B70E756C143D28 /* Pods-Jup.debug.xcconfig */ = {isa = PBXFileReference; includeInIndex = 1; lastKnownFileType = text.xcconfig; name = "Pods-Jup.debug.xcconfig"; path = "Target Support Files/Pods-Jup/Pods-Jup.debug.xcconfig"; sourceTree = "<group>"; };
		1B5B1007181C7345DA10AE30 /* Pods-Jup-JupUITests.debug.xcconfig */ = {isa = PBXFileReference; includeInIndex = 1; lastKnownFileType = text.xcconfig; name = "Pods-Jup-JupUITests.debug.xcconfig"; path = "Target Support Files/Pods-Jup-JupUITests/Pods-Jup-JupUITests.debug.xcconfig"; sourceTree = "<group>"; };
		292C811B77DF784F6C60FC60 /* Pods-JupTests.debug.xcconfig */ = {isa = PBXFileReference; includeInIndex = 1; lastKnownFileType = text.xcconfig; name = "Pods-JupTests.debug.xcconfig"; path = "Target Support Files/Pods-JupTests/Pods-JupTests.debug.xcconfig"; sourceTree = "<group>"; };
		7AAEC20AE656B1FC30B1A699 /* Pods-Jup-JupUITests.release.xcconfig */ = {isa = PBXFileReference; includeInIndex = 1; lastKnownFileType = text.xcconfig; name = "Pods-Jup-JupUITests.release.xcconfig"; path = "Target Support Files/Pods-Jup-JupUITests/Pods-Jup-JupUITests.release.xcconfig"; sourceTree = "<group>"; };
		863AB4BB259A4AC7004283D7 /* ParticipantMenuViewController.swift */ = {isa = PBXFileReference; lastKnownFileType = sourcecode.swift; path = ParticipantMenuViewController.swift; sourceTree = "<group>"; };
		866A92AD258EEFC5000BD69D /* SearchCell.swift */ = {isa = PBXFileReference; lastKnownFileType = sourcecode.swift; path = SearchCell.swift; sourceTree = "<group>"; };
		866A92AE258EEFC5000BD69D /* SearchCell.xib */ = {isa = PBXFileReference; lastKnownFileType = file.xib; path = SearchCell.xib; sourceTree = "<group>"; };
		8695CCC925958FAE006021DA /* joinableQueueCell.swift */ = {isa = PBXFileReference; lastKnownFileType = sourcecode.swift; path = joinableQueueCell.swift; sourceTree = "<group>"; };
		8695CCCA25958FAE006021DA /* joinableQueueCell.xib */ = {isa = PBXFileReference; lastKnownFileType = file.xib; path = joinableQueueCell.xib; sourceTree = "<group>"; };
		B66EF180258AAEC600E21B4D /* SongCell.swift */ = {isa = PBXFileReference; lastKnownFileType = sourcecode.swift; path = SongCell.swift; sourceTree = "<group>"; };
		B66EF181258AAEC600E21B4D /* SongCell.xib */ = {isa = PBXFileReference; lastKnownFileType = file.xib; path = SongCell.xib; sourceTree = "<group>"; };
		B67051EB2571F41900E4077C /* Jup.app */ = {isa = PBXFileReference; explicitFileType = wrapper.application; includeInIndex = 0; path = Jup.app; sourceTree = BUILT_PRODUCTS_DIR; };
		B67051EE2571F41900E4077C /* AppDelegate.swift */ = {isa = PBXFileReference; lastKnownFileType = sourcecode.swift; path = AppDelegate.swift; sourceTree = "<group>"; };
		B67051F02571F41900E4077C /* SceneDelegate.swift */ = {isa = PBXFileReference; lastKnownFileType = sourcecode.swift; path = SceneDelegate.swift; sourceTree = "<group>"; };
		B67051F52571F41900E4077C /* Base */ = {isa = PBXFileReference; lastKnownFileType = file.storyboard; name = Base; path = Base.lproj/Main.storyboard; sourceTree = "<group>"; };
		B67051FA2571F41C00E4077C /* Base */ = {isa = PBXFileReference; lastKnownFileType = file.storyboard; name = Base; path = Base.lproj/LaunchScreen.storyboard; sourceTree = "<group>"; };
		B67051FC2571F41C00E4077C /* Info.plist */ = {isa = PBXFileReference; lastKnownFileType = text.plist.xml; path = Info.plist; sourceTree = "<group>"; };
		B67052012571F41C00E4077C /* JupTests.xctest */ = {isa = PBXFileReference; explicitFileType = wrapper.cfbundle; includeInIndex = 0; path = JupTests.xctest; sourceTree = BUILT_PRODUCTS_DIR; };
		B670520C2571F41C00E4077C /* JupUITests.xctest */ = {isa = PBXFileReference; explicitFileType = wrapper.cfbundle; includeInIndex = 0; path = JupUITests.xctest; sourceTree = BUILT_PRODUCTS_DIR; };
		B670523B2571F8C500E4077C /* ParticipantSettingsVC.swift */ = {isa = PBXFileReference; lastKnownFileType = sourcecode.swift; path = ParticipantSettingsVC.swift; sourceTree = "<group>"; };
		B6787DAE258405B1004CA055 /* QueueSettingsVC.swift */ = {isa = PBXFileReference; lastKnownFileType = sourcecode.swift; path = QueueSettingsVC.swift; sourceTree = "<group>"; };
		B6A5243D257D9F440030F15B /* QueueVC.swift */ = {isa = PBXFileReference; lastKnownFileType = sourcecode.swift; name = QueueVC.swift; path = Jup/QueueVC.swift; sourceTree = SOURCE_ROOT; };
		B6BB3CE225811C6E0043CA04 /* SearchVC.swift */ = {isa = PBXFileReference; lastKnownFileType = sourcecode.swift; path = SearchVC.swift; sourceTree = "<group>"; };
		B6C871DD257D3B36004BE0BF /* Assets.xcassets */ = {isa = PBXFileReference; lastKnownFileType = folder.assetcatalog; path = Assets.xcassets; sourceTree = SOURCE_ROOT; };
		B713DC32F1A9C2E49983011F /* Pods_JupTests.framework */ = {isa = PBXFileReference; explicitFileType = wrapper.framework; includeInIndex = 0; path = Pods_JupTests.framework; sourceTree = BUILT_PRODUCTS_DIR; };
		CAE6AA70AFBBB8630F08D731 /* Pods-JupTests.release.xcconfig */ = {isa = PBXFileReference; includeInIndex = 1; lastKnownFileType = text.xcconfig; name = "Pods-JupTests.release.xcconfig"; path = "Target Support Files/Pods-JupTests/Pods-JupTests.release.xcconfig"; sourceTree = "<group>"; };
		DAC39C7FF2E7D3E2C43D8AA1 /* Pods_Jup.framework */ = {isa = PBXFileReference; explicitFileType = wrapper.framework; includeInIndex = 0; path = Pods_Jup.framework; sourceTree = BUILT_PRODUCTS_DIR; };
		F42698687C6D536608BDFB5E /* Pods_Jup_JupUITests.framework */ = {isa = PBXFileReference; explicitFileType = wrapper.framework; includeInIndex = 0; path = Pods_Jup_JupUITests.framework; sourceTree = BUILT_PRODUCTS_DIR; };
		FB9DEBCEEA57C8149137FBC4 /* Pods-Jup.release.xcconfig */ = {isa = PBXFileReference; includeInIndex = 1; lastKnownFileType = text.xcconfig; name = "Pods-Jup.release.xcconfig"; path = "Target Support Files/Pods-Jup/Pods-Jup.release.xcconfig"; sourceTree = "<group>"; };
/* End PBXFileReference section */

/* Begin PBXFrameworksBuildPhase section */
		B67051E82571F41900E4077C /* Frameworks */ = {
			isa = PBXFrameworksBuildPhase;
			buildActionMask = 2147483647;
			files = (
				15DBD8AD259423400068FEB4 /* SpotifyiOS.framework in Frameworks */,
				BCF69A2A37FB4632B65B2CB7 /* Pods_Jup.framework in Frameworks */,
			);
			runOnlyForDeploymentPostprocessing = 0;
		};
		B67051FE2571F41C00E4077C /* Frameworks */ = {
			isa = PBXFrameworksBuildPhase;
			buildActionMask = 2147483647;
			files = (
				E177387FCAE39C3F95A2521E /* Pods_JupTests.framework in Frameworks */,
			);
			runOnlyForDeploymentPostprocessing = 0;
		};
		B67052092571F41C00E4077C /* Frameworks */ = {
			isa = PBXFrameworksBuildPhase;
			buildActionMask = 2147483647;
			files = (
				D6FC7CE68E555E1FF9E17900 /* Pods_Jup_JupUITests.framework in Frameworks */,
			);
			runOnlyForDeploymentPostprocessing = 0;
		};
/* End PBXFrameworksBuildPhase section */

/* Begin PBXGroup section */
		15DBD865258F99950068FEB4 /* MediaPlayer */ = {
			isa = PBXGroup;
			children = (
				15DBD860258F99800068FEB4 /* MediaPlayerDelegate.swift */,
				15DBD88D258FA48E0068FEB4 /* HostMPDelegate.swift */,
				15DBD892258FA49C0068FEB4 /* ParticipantMPDelegate.swift */,
				15DBD897258FB8360068FEB4 /* MediaPlayer.swift */,
				15DBD89C259001870068FEB4 /* AppleMusicMediaPlayer.swift */,
				15DBD8A1259001B60068FEB4 /* SpotifyMediaPlayer.swift */,
				15DBD8CB259617790068FEB4 /* SongItem.swift */,
				15DBD8D025961C5B0068FEB4 /* AppleMusicSongItem.swift */,
				15DBD8D5259623B00068FEB4 /* SpotifySongItem.swift */,
			);
			path = MediaPlayer;
			sourceTree = "<group>";
		};
		15DBD86A258F99B80068FEB4 /* Search */ = {
			isa = PBXGroup;
			children = (
				15DBD8C325957F250068FEB4 /* AuthKey_5CWA2J2HGK.p8 */,
				15DBD87E258F9DF40068FEB4 /* SearchDelegate.swift */,
				15DBD883258F9E2F0068FEB4 /* HostSearchDelegate.swift */,
				15DBD888258F9F700068FEB4 /* ParticipantSearchDelegate.swift */,
			);
			path = Search;
			sourceTree = "<group>";
		};
		15DBD86B258F99C70068FEB4 /* BlueToothCommunication */ = {
			isa = PBXGroup;
			children = (
				15DBD86C258F9C460068FEB4 /* BTCommunicationDelegate.swift */,
				15DBD874258F9D8B0068FEB4 /* BTParticipantDelegate.swift */,
				15DBD879258F9D990068FEB4 /* BTHostDelegate.swift */,
			);
			path = BlueToothCommunication;
			sourceTree = "<group>";
		};
		2126D95CEB70024BA76E4831 /* Pods */ = {
			isa = PBXGroup;
			children = (
				1A7A1DB9A9B70E756C143D28 /* Pods-Jup.debug.xcconfig */,
				FB9DEBCEEA57C8149137FBC4 /* Pods-Jup.release.xcconfig */,
				1B5B1007181C7345DA10AE30 /* Pods-Jup-JupUITests.debug.xcconfig */,
				7AAEC20AE656B1FC30B1A699 /* Pods-Jup-JupUITests.release.xcconfig */,
				292C811B77DF784F6C60FC60 /* Pods-JupTests.debug.xcconfig */,
				CAE6AA70AFBBB8630F08D731 /* Pods-JupTests.release.xcconfig */,
			);
			path = Pods;
			sourceTree = "<group>";
		};
		863AB4C6259A843D004283D7 /* Cells */ = {
			isa = PBXGroup;
			children = (
				866A92AD258EEFC5000BD69D /* SearchCell.swift */,
				866A92AE258EEFC5000BD69D /* SearchCell.xib */,
				8695CCC925958FAE006021DA /* joinableQueueCell.swift */,
				8695CCCA25958FAE006021DA /* joinableQueueCell.xib */,
				B66EF180258AAEC600E21B4D /* SongCell.swift */,
				B66EF181258AAEC600E21B4D /* SongCell.xib */,
			);
			name = Cells;
			path = ..;
			sourceTree = "<group>";
		};
		B67051E22571F41900E4077C = {
			isa = PBXGroup;
			children = (
				15DBD8B4259428010068FEB4 /* Jup-Bridging-Header.h */,
				B67051ED2571F41900E4077C /* Jup */,
				15DBD8AC259423400068FEB4 /* SpotifyiOS.framework */,
				B67051EC2571F41900E4077C /* Products */,
				2126D95CEB70024BA76E4831 /* Pods */,
				B9317BA0D77FD6BD704240A2 /* Frameworks */,
			);
			sourceTree = "<group>";
		};
		B67051EC2571F41900E4077C /* Products */ = {
			isa = PBXGroup;
			children = (
				B67051EB2571F41900E4077C /* Jup.app */,
				B67052012571F41C00E4077C /* JupTests.xctest */,
				B670520C2571F41C00E4077C /* JupUITests.xctest */,
			);
			name = Products;
			sourceTree = "<group>";
		};
		B67051ED2571F41900E4077C /* Jup */ = {
			isa = PBXGroup;
			children = (
				B67051EE2571F41900E4077C /* AppDelegate.swift */,
				B67051F02571F41900E4077C /* SceneDelegate.swift */,
				B67051F42571F41900E4077C /* Main.storyboard */,
				B6C871DD257D3B36004BE0BF /* Assets.xcassets */,
				B67051F92571F41C00E4077C /* LaunchScreen.storyboard */,
				B67051FC2571F41C00E4077C /* Info.plist */,
				B670523A2571F88F00E4077C /* VCs */,
				863AB4C6259A843D004283D7 /* Cells */,
				15DBD86B258F99C70068FEB4 /* BlueToothCommunication */,
				15DBD86A258F99B80068FEB4 /* Search */,
				15DBD865258F99950068FEB4 /* MediaPlayer */,
				15DBD8BB25951F8A0068FEB4 /* Platform.swift */,
			);
			path = Jup;
			sourceTree = "<group>";
		};
		B670523A2571F88F00E4077C /* VCs */ = {
			isa = PBXGroup;
			children = (
				B6A5243D257D9F440030F15B /* QueueVC.swift */,
				B6BB3CE225811C6E0043CA04 /* SearchVC.swift */,
				B6787DAE258405B1004CA055 /* QueueSettingsVC.swift */,
				B670523B2571F8C500E4077C /* ParticipantSettingsVC.swift */,
				863AB4BB259A4AC7004283D7 /* ParticipantMenuViewController.swift */,
			);
			path = VCs;
			sourceTree = "<group>";
		};
		B9317BA0D77FD6BD704240A2 /* Frameworks */ = {
			isa = PBXGroup;
			children = (
				DAC39C7FF2E7D3E2C43D8AA1 /* Pods_Jup.framework */,
				F42698687C6D536608BDFB5E /* Pods_Jup_JupUITests.framework */,
				B713DC32F1A9C2E49983011F /* Pods_JupTests.framework */,
			);
			name = Frameworks;
			sourceTree = "<group>";
		};
/* End PBXGroup section */

/* Begin PBXNativeTarget section */
		B67051EA2571F41900E4077C /* Jup */ = {
			isa = PBXNativeTarget;
			buildConfigurationList = B67052152571F41C00E4077C /* Build configuration list for PBXNativeTarget "Jup" */;
			buildPhases = (
				934E9BD739659CCF70A532F7 /* [CP] Check Pods Manifest.lock */,
				B67051E72571F41900E4077C /* Sources */,
				B67051E82571F41900E4077C /* Frameworks */,
				B67051E92571F41900E4077C /* Resources */,
				7A48B0CC544F8A4D4429845C /* [CP] Embed Pods Frameworks */,
			);
			buildRules = (
			);
			dependencies = (
			);
			name = Jup;
			productName = Jup;
			productReference = B67051EB2571F41900E4077C /* Jup.app */;
			productType = "com.apple.product-type.application";
		};
		B67052002571F41C00E4077C /* JupTests */ = {
			isa = PBXNativeTarget;
			buildConfigurationList = B67052182571F41C00E4077C /* Build configuration list for PBXNativeTarget "JupTests" */;
			buildPhases = (
				7B9E134EB38C884318BFABCB /* [CP] Check Pods Manifest.lock */,
				B67051FD2571F41C00E4077C /* Sources */,
				B67051FE2571F41C00E4077C /* Frameworks */,
				B67051FF2571F41C00E4077C /* Resources */,
			);
			buildRules = (
			);
			dependencies = (
				B67052032571F41C00E4077C /* PBXTargetDependency */,
			);
			name = JupTests;
			productName = JupTests;
			productReference = B67052012571F41C00E4077C /* JupTests.xctest */;
			productType = "com.apple.product-type.bundle.unit-test";
		};
		B670520B2571F41C00E4077C /* JupUITests */ = {
			isa = PBXNativeTarget;
			buildConfigurationList = B670521B2571F41C00E4077C /* Build configuration list for PBXNativeTarget "JupUITests" */;
			buildPhases = (
				AD7D3B2FADEB48E84ED9F69A /* [CP] Check Pods Manifest.lock */,
				B67052082571F41C00E4077C /* Sources */,
				B67052092571F41C00E4077C /* Frameworks */,
				B670520A2571F41C00E4077C /* Resources */,
				F88F491025F62FA5698883AF /* [CP] Embed Pods Frameworks */,
			);
			buildRules = (
			);
			dependencies = (
				B670520E2571F41C00E4077C /* PBXTargetDependency */,
			);
			name = JupUITests;
			productName = JupUITests;
			productReference = B670520C2571F41C00E4077C /* JupUITests.xctest */;
			productType = "com.apple.product-type.bundle.ui-testing";
		};
/* End PBXNativeTarget section */

/* Begin PBXProject section */
		B67051E32571F41900E4077C /* Project object */ = {
			isa = PBXProject;
			attributes = {
				LastSwiftUpdateCheck = 1220;
				LastUpgradeCheck = 1220;
				TargetAttributes = {
					B67051EA2571F41900E4077C = {
						CreatedOnToolsVersion = 12.2;
					};
					B67052002571F41C00E4077C = {
						CreatedOnToolsVersion = 12.2;
						TestTargetID = B67051EA2571F41900E4077C;
					};
					B670520B2571F41C00E4077C = {
						CreatedOnToolsVersion = 12.2;
						TestTargetID = B67051EA2571F41900E4077C;
					};
				};
			};
			buildConfigurationList = B67051E62571F41900E4077C /* Build configuration list for PBXProject "Jup" */;
			compatibilityVersion = "Xcode 9.3";
			developmentRegion = en;
			hasScannedForEncodings = 0;
			knownRegions = (
				en,
				Base,
			);
			mainGroup = B67051E22571F41900E4077C;
			productRefGroup = B67051EC2571F41900E4077C /* Products */;
			projectDirPath = "";
			projectRoot = "";
			targets = (
				B67051EA2571F41900E4077C /* Jup */,
				B67052002571F41C00E4077C /* JupTests */,
				B670520B2571F41C00E4077C /* JupUITests */,
			);
		};
/* End PBXProject section */

/* Begin PBXResourcesBuildPhase section */
		B67051E92571F41900E4077C /* Resources */ = {
			isa = PBXResourcesBuildPhase;
			buildActionMask = 2147483647;
			files = (
				B67051FB2571F41C00E4077C /* LaunchScreen.storyboard in Resources */,
				866A92B0258EEFC5000BD69D /* SearchCell.xib in Resources */,
				B66EF183258AAEC600E21B4D /* SongCell.xib in Resources */,
				B67051F62571F41900E4077C /* Main.storyboard in Resources */,
				B6C871DE257D3B36004BE0BF /* Assets.xcassets in Resources */,
				8695CCCC25958FAE006021DA /* joinableQueueCell.xib in Resources */,
				15DBD8C425957F250068FEB4 /* AuthKey_5CWA2J2HGK.p8 in Resources */,
			);
			runOnlyForDeploymentPostprocessing = 0;
		};
		B67051FF2571F41C00E4077C /* Resources */ = {
			isa = PBXResourcesBuildPhase;
			buildActionMask = 2147483647;
			files = (
			);
			runOnlyForDeploymentPostprocessing = 0;
		};
		B670520A2571F41C00E4077C /* Resources */ = {
			isa = PBXResourcesBuildPhase;
			buildActionMask = 2147483647;
			files = (
			);
			runOnlyForDeploymentPostprocessing = 0;
		};
/* End PBXResourcesBuildPhase section */

/* Begin PBXShellScriptBuildPhase section */
		7A48B0CC544F8A4D4429845C /* [CP] Embed Pods Frameworks */ = {
			isa = PBXShellScriptBuildPhase;
			buildActionMask = 2147483647;
			files = (
			);
			inputFileListPaths = (
				"${PODS_ROOT}/Target Support Files/Pods-Jup/Pods-Jup-frameworks-${CONFIGURATION}-input-files.xcfilelist",
			);
			name = "[CP] Embed Pods Frameworks";
			outputFileListPaths = (
				"${PODS_ROOT}/Target Support Files/Pods-Jup/Pods-Jup-frameworks-${CONFIGURATION}-output-files.xcfilelist",
			);
			runOnlyForDeploymentPostprocessing = 0;
			shellPath = /bin/sh;
			shellScript = "\"${PODS_ROOT}/Target Support Files/Pods-Jup/Pods-Jup-frameworks.sh\"\n";
			showEnvVarsInLog = 0;
		};
		7B9E134EB38C884318BFABCB /* [CP] Check Pods Manifest.lock */ = {
			isa = PBXShellScriptBuildPhase;
			buildActionMask = 2147483647;
			files = (
			);
			inputFileListPaths = (
			);
			inputPaths = (
				"${PODS_PODFILE_DIR_PATH}/Podfile.lock",
				"${PODS_ROOT}/Manifest.lock",
			);
			name = "[CP] Check Pods Manifest.lock";
			outputFileListPaths = (
			);
			outputPaths = (
				"$(DERIVED_FILE_DIR)/Pods-JupTests-checkManifestLockResult.txt",
			);
			runOnlyForDeploymentPostprocessing = 0;
			shellPath = /bin/sh;
			shellScript = "diff \"${PODS_PODFILE_DIR_PATH}/Podfile.lock\" \"${PODS_ROOT}/Manifest.lock\" > /dev/null\nif [ $? != 0 ] ; then\n    # print error to STDERR\n    echo \"error: The sandbox is not in sync with the Podfile.lock. Run 'pod install' or update your CocoaPods installation.\" >&2\n    exit 1\nfi\n# This output is used by Xcode 'outputs' to avoid re-running this script phase.\necho \"SUCCESS\" > \"${SCRIPT_OUTPUT_FILE_0}\"\n";
			showEnvVarsInLog = 0;
		};
		934E9BD739659CCF70A532F7 /* [CP] Check Pods Manifest.lock */ = {
			isa = PBXShellScriptBuildPhase;
			buildActionMask = 2147483647;
			files = (
			);
			inputFileListPaths = (
			);
			inputPaths = (
				"${PODS_PODFILE_DIR_PATH}/Podfile.lock",
				"${PODS_ROOT}/Manifest.lock",
			);
			name = "[CP] Check Pods Manifest.lock";
			outputFileListPaths = (
			);
			outputPaths = (
				"$(DERIVED_FILE_DIR)/Pods-Jup-checkManifestLockResult.txt",
			);
			runOnlyForDeploymentPostprocessing = 0;
			shellPath = /bin/sh;
			shellScript = "diff \"${PODS_PODFILE_DIR_PATH}/Podfile.lock\" \"${PODS_ROOT}/Manifest.lock\" > /dev/null\nif [ $? != 0 ] ; then\n    # print error to STDERR\n    echo \"error: The sandbox is not in sync with the Podfile.lock. Run 'pod install' or update your CocoaPods installation.\" >&2\n    exit 1\nfi\n# This output is used by Xcode 'outputs' to avoid re-running this script phase.\necho \"SUCCESS\" > \"${SCRIPT_OUTPUT_FILE_0}\"\n";
			showEnvVarsInLog = 0;
		};
		AD7D3B2FADEB48E84ED9F69A /* [CP] Check Pods Manifest.lock */ = {
			isa = PBXShellScriptBuildPhase;
			buildActionMask = 2147483647;
			files = (
			);
			inputFileListPaths = (
			);
			inputPaths = (
				"${PODS_PODFILE_DIR_PATH}/Podfile.lock",
				"${PODS_ROOT}/Manifest.lock",
			);
			name = "[CP] Check Pods Manifest.lock";
			outputFileListPaths = (
			);
			outputPaths = (
				"$(DERIVED_FILE_DIR)/Pods-Jup-JupUITests-checkManifestLockResult.txt",
			);
			runOnlyForDeploymentPostprocessing = 0;
			shellPath = /bin/sh;
			shellScript = "diff \"${PODS_PODFILE_DIR_PATH}/Podfile.lock\" \"${PODS_ROOT}/Manifest.lock\" > /dev/null\nif [ $? != 0 ] ; then\n    # print error to STDERR\n    echo \"error: The sandbox is not in sync with the Podfile.lock. Run 'pod install' or update your CocoaPods installation.\" >&2\n    exit 1\nfi\n# This output is used by Xcode 'outputs' to avoid re-running this script phase.\necho \"SUCCESS\" > \"${SCRIPT_OUTPUT_FILE_0}\"\n";
			showEnvVarsInLog = 0;
		};
		F88F491025F62FA5698883AF /* [CP] Embed Pods Frameworks */ = {
			isa = PBXShellScriptBuildPhase;
			buildActionMask = 2147483647;
			files = (
			);
			inputFileListPaths = (
				"${PODS_ROOT}/Target Support Files/Pods-Jup-JupUITests/Pods-Jup-JupUITests-frameworks-${CONFIGURATION}-input-files.xcfilelist",
			);
			name = "[CP] Embed Pods Frameworks";
			outputFileListPaths = (
				"${PODS_ROOT}/Target Support Files/Pods-Jup-JupUITests/Pods-Jup-JupUITests-frameworks-${CONFIGURATION}-output-files.xcfilelist",
			);
			runOnlyForDeploymentPostprocessing = 0;
			shellPath = /bin/sh;
			shellScript = "\"${PODS_ROOT}/Target Support Files/Pods-Jup-JupUITests/Pods-Jup-JupUITests-frameworks.sh\"\n";
			showEnvVarsInLog = 0;
		};
/* End PBXShellScriptBuildPhase section */

/* Begin PBXSourcesBuildPhase section */
		B67051E72571F41900E4077C /* Sources */ = {
			isa = PBXSourcesBuildPhase;
			buildActionMask = 2147483647;
			files = (
				15DBD8BC25951F8A0068FEB4 /* Platform.swift in Sources */,
				B6787DAF258405B1004CA055 /* QueueSettingsVC.swift in Sources */,
				15DBD87F258F9DF40068FEB4 /* SearchDelegate.swift in Sources */,
				15DBD8A2259001B60068FEB4 /* SpotifyMediaPlayer.swift in Sources */,
				B6BB3CE325811C6E0043CA04 /* SearchVC.swift in Sources */,
				15DBD8CC259617790068FEB4 /* SongItem.swift in Sources */,
				15DBD893258FA49C0068FEB4 /* ParticipantMPDelegate.swift in Sources */,
				863AB4BC259A4AC7004283D7 /* ParticipantMenuViewController.swift in Sources */,
				B6A5243E257D9F440030F15B /* QueueVC.swift in Sources */,
				15DBD89D259001870068FEB4 /* AppleMusicMediaPlayer.swift in Sources */,
				15DBD8D6259623B00068FEB4 /* SpotifySongItem.swift in Sources */,
				B67051EF2571F41900E4077C /* AppDelegate.swift in Sources */,
				15DBD88E258FA48E0068FEB4 /* HostMPDelegate.swift in Sources */,
				15DBD861258F99800068FEB4 /* MediaPlayerDelegate.swift in Sources */,
				8695CCCB25958FAE006021DA /* joinableQueueCell.swift in Sources */,
				B67051F12571F41900E4077C /* SceneDelegate.swift in Sources */,
				15DBD875258F9D8B0068FEB4 /* BTParticipantDelegate.swift in Sources */,
				B66EF182258AAEC600E21B4D /* SongCell.swift in Sources */,
				866A92AF258EEFC5000BD69D /* SearchCell.swift in Sources */,
				15DBD884258F9E2F0068FEB4 /* HostSearchDelegate.swift in Sources */,
				B670523C2571F8C500E4077C /* ParticipantSettingsVC.swift in Sources */,
				15DBD87A258F9D990068FEB4 /* BTHostDelegate.swift in Sources */,
				15DBD8D125961C5B0068FEB4 /* AppleMusicSongItem.swift in Sources */,
				15DBD889258F9F700068FEB4 /* ParticipantSearchDelegate.swift in Sources */,
				15DBD86D258F9C460068FEB4 /* BTCommunicationDelegate.swift in Sources */,
				15DBD898258FB8360068FEB4 /* MediaPlayer.swift in Sources */,
			);
			runOnlyForDeploymentPostprocessing = 0;
		};
		B67051FD2571F41C00E4077C /* Sources */ = {
			isa = PBXSourcesBuildPhase;
			buildActionMask = 2147483647;
			files = (
			);
			runOnlyForDeploymentPostprocessing = 0;
		};
		B67052082571F41C00E4077C /* Sources */ = {
			isa = PBXSourcesBuildPhase;
			buildActionMask = 2147483647;
			files = (
			);
			runOnlyForDeploymentPostprocessing = 0;
		};
/* End PBXSourcesBuildPhase section */

/* Begin PBXTargetDependency section */
		B67052032571F41C00E4077C /* PBXTargetDependency */ = {
			isa = PBXTargetDependency;
			target = B67051EA2571F41900E4077C /* Jup */;
			targetProxy = B67052022571F41C00E4077C /* PBXContainerItemProxy */;
		};
		B670520E2571F41C00E4077C /* PBXTargetDependency */ = {
			isa = PBXTargetDependency;
			target = B67051EA2571F41900E4077C /* Jup */;
			targetProxy = B670520D2571F41C00E4077C /* PBXContainerItemProxy */;
		};
/* End PBXTargetDependency section */

/* Begin PBXVariantGroup section */
		B67051F42571F41900E4077C /* Main.storyboard */ = {
			isa = PBXVariantGroup;
			children = (
				B67051F52571F41900E4077C /* Base */,
			);
			name = Main.storyboard;
			sourceTree = "<group>";
		};
		B67051F92571F41C00E4077C /* LaunchScreen.storyboard */ = {
			isa = PBXVariantGroup;
			children = (
				B67051FA2571F41C00E4077C /* Base */,
			);
			name = LaunchScreen.storyboard;
			sourceTree = "<group>";
		};
/* End PBXVariantGroup section */

/* Begin XCBuildConfiguration section */
		B67052132571F41C00E4077C /* Debug */ = {
			isa = XCBuildConfiguration;
			buildSettings = {
				ALWAYS_SEARCH_USER_PATHS = NO;
				CLANG_ANALYZER_NONNULL = YES;
				CLANG_ANALYZER_NUMBER_OBJECT_CONVERSION = YES_AGGRESSIVE;
				CLANG_CXX_LANGUAGE_STANDARD = "gnu++14";
				CLANG_CXX_LIBRARY = "libc++";
				CLANG_ENABLE_MODULES = YES;
				CLANG_ENABLE_OBJC_ARC = YES;
				CLANG_ENABLE_OBJC_WEAK = YES;
				CLANG_WARN_BLOCK_CAPTURE_AUTORELEASING = YES;
				CLANG_WARN_BOOL_CONVERSION = YES;
				CLANG_WARN_COMMA = YES;
				CLANG_WARN_CONSTANT_CONVERSION = YES;
				CLANG_WARN_DEPRECATED_OBJC_IMPLEMENTATIONS = YES;
				CLANG_WARN_DIRECT_OBJC_ISA_USAGE = YES_ERROR;
				CLANG_WARN_DOCUMENTATION_COMMENTS = YES;
				CLANG_WARN_EMPTY_BODY = YES;
				CLANG_WARN_ENUM_CONVERSION = YES;
				CLANG_WARN_INFINITE_RECURSION = YES;
				CLANG_WARN_INT_CONVERSION = YES;
				CLANG_WARN_NON_LITERAL_NULL_CONVERSION = YES;
				CLANG_WARN_OBJC_IMPLICIT_RETAIN_SELF = YES;
				CLANG_WARN_OBJC_LITERAL_CONVERSION = YES;
				CLANG_WARN_OBJC_ROOT_CLASS = YES_ERROR;
				CLANG_WARN_QUOTED_INCLUDE_IN_FRAMEWORK_HEADER = YES;
				CLANG_WARN_RANGE_LOOP_ANALYSIS = YES;
				CLANG_WARN_STRICT_PROTOTYPES = YES;
				CLANG_WARN_SUSPICIOUS_MOVE = YES;
				CLANG_WARN_UNGUARDED_AVAILABILITY = YES_AGGRESSIVE;
				CLANG_WARN_UNREACHABLE_CODE = YES;
				CLANG_WARN__DUPLICATE_METHOD_MATCH = YES;
				COPY_PHASE_STRIP = NO;
				DEBUG_INFORMATION_FORMAT = dwarf;
				ENABLE_STRICT_OBJC_MSGSEND = YES;
				ENABLE_TESTABILITY = YES;
				GCC_C_LANGUAGE_STANDARD = gnu11;
				GCC_DYNAMIC_NO_PIC = NO;
				GCC_NO_COMMON_BLOCKS = YES;
				GCC_OPTIMIZATION_LEVEL = 0;
				GCC_PREPROCESSOR_DEFINITIONS = (
					"DEBUG=1",
					"$(inherited)",
				);
				GCC_WARN_64_TO_32_BIT_CONVERSION = YES;
				GCC_WARN_ABOUT_RETURN_TYPE = YES_ERROR;
				GCC_WARN_UNDECLARED_SELECTOR = YES;
				GCC_WARN_UNINITIALIZED_AUTOS = YES_AGGRESSIVE;
				GCC_WARN_UNUSED_FUNCTION = YES;
				GCC_WARN_UNUSED_VARIABLE = YES;
				IPHONEOS_DEPLOYMENT_TARGET = 14.2;
				MTL_ENABLE_DEBUG_INFO = INCLUDE_SOURCE;
				MTL_FAST_MATH = YES;
				ONLY_ACTIVE_ARCH = YES;
				SDKROOT = iphoneos;
				SWIFT_ACTIVE_COMPILATION_CONDITIONS = DEBUG;
				SWIFT_OPTIMIZATION_LEVEL = "-Onone";
			};
			name = Debug;
		};
		B67052142571F41C00E4077C /* Release */ = {
			isa = XCBuildConfiguration;
			buildSettings = {
				ALWAYS_SEARCH_USER_PATHS = NO;
				CLANG_ANALYZER_NONNULL = YES;
				CLANG_ANALYZER_NUMBER_OBJECT_CONVERSION = YES_AGGRESSIVE;
				CLANG_CXX_LANGUAGE_STANDARD = "gnu++14";
				CLANG_CXX_LIBRARY = "libc++";
				CLANG_ENABLE_MODULES = YES;
				CLANG_ENABLE_OBJC_ARC = YES;
				CLANG_ENABLE_OBJC_WEAK = YES;
				CLANG_WARN_BLOCK_CAPTURE_AUTORELEASING = YES;
				CLANG_WARN_BOOL_CONVERSION = YES;
				CLANG_WARN_COMMA = YES;
				CLANG_WARN_CONSTANT_CONVERSION = YES;
				CLANG_WARN_DEPRECATED_OBJC_IMPLEMENTATIONS = YES;
				CLANG_WARN_DIRECT_OBJC_ISA_USAGE = YES_ERROR;
				CLANG_WARN_DOCUMENTATION_COMMENTS = YES;
				CLANG_WARN_EMPTY_BODY = YES;
				CLANG_WARN_ENUM_CONVERSION = YES;
				CLANG_WARN_INFINITE_RECURSION = YES;
				CLANG_WARN_INT_CONVERSION = YES;
				CLANG_WARN_NON_LITERAL_NULL_CONVERSION = YES;
				CLANG_WARN_OBJC_IMPLICIT_RETAIN_SELF = YES;
				CLANG_WARN_OBJC_LITERAL_CONVERSION = YES;
				CLANG_WARN_OBJC_ROOT_CLASS = YES_ERROR;
				CLANG_WARN_QUOTED_INCLUDE_IN_FRAMEWORK_HEADER = YES;
				CLANG_WARN_RANGE_LOOP_ANALYSIS = YES;
				CLANG_WARN_STRICT_PROTOTYPES = YES;
				CLANG_WARN_SUSPICIOUS_MOVE = YES;
				CLANG_WARN_UNGUARDED_AVAILABILITY = YES_AGGRESSIVE;
				CLANG_WARN_UNREACHABLE_CODE = YES;
				CLANG_WARN__DUPLICATE_METHOD_MATCH = YES;
				COPY_PHASE_STRIP = NO;
				DEBUG_INFORMATION_FORMAT = "dwarf-with-dsym";
				ENABLE_NS_ASSERTIONS = NO;
				ENABLE_STRICT_OBJC_MSGSEND = YES;
				GCC_C_LANGUAGE_STANDARD = gnu11;
				GCC_NO_COMMON_BLOCKS = YES;
				GCC_WARN_64_TO_32_BIT_CONVERSION = YES;
				GCC_WARN_ABOUT_RETURN_TYPE = YES_ERROR;
				GCC_WARN_UNDECLARED_SELECTOR = YES;
				GCC_WARN_UNINITIALIZED_AUTOS = YES_AGGRESSIVE;
				GCC_WARN_UNUSED_FUNCTION = YES;
				GCC_WARN_UNUSED_VARIABLE = YES;
				IPHONEOS_DEPLOYMENT_TARGET = 14.2;
				MTL_ENABLE_DEBUG_INFO = NO;
				MTL_FAST_MATH = YES;
				SDKROOT = iphoneos;
				SWIFT_COMPILATION_MODE = wholemodule;
				SWIFT_OPTIMIZATION_LEVEL = "-O";
				VALIDATE_PRODUCT = YES;
			};
			name = Release;
		};
		B67052162571F41C00E4077C /* Debug */ = {
			isa = XCBuildConfiguration;
			baseConfigurationReference = 1A7A1DB9A9B70E756C143D28 /* Pods-Jup.debug.xcconfig */;
			buildSettings = {
				ASSETCATALOG_COMPILER_APPICON_NAME = AppIcon;
				ASSETCATALOG_COMPILER_GLOBAL_ACCENT_COLOR_NAME = AccentColor;
				CODE_SIGN_STYLE = Automatic;
				DEVELOPMENT_TEAM = LT3MWZH387;
				FRAMEWORK_SEARCH_PATHS = (
					"$(inherited)",
					"$(PROJECT_DIR)",
				);
				INFOPLIST_FILE = Jup/Info.plist;
				LD_RUNPATH_SEARCH_PATHS = (
					"$(inherited)",
					"@executable_path/Frameworks",
				);
				OTHER_LDFLAGS = "-ObjC";
				PRODUCT_BUNDLE_IDENTIFIER = Venanzi.Jup;
				PRODUCT_NAME = "$(TARGET_NAME)";
				SWIFT_OBJC_BRIDGING_HEADER = "Jup-Bridging-Header.h";
				SWIFT_VERSION = 5.0;
				TARGETED_DEVICE_FAMILY = "1,2";
			};
			name = Debug;
		};
		B67052172571F41C00E4077C /* Release */ = {
			isa = XCBuildConfiguration;
			baseConfigurationReference = FB9DEBCEEA57C8149137FBC4 /* Pods-Jup.release.xcconfig */;
			buildSettings = {
				ASSETCATALOG_COMPILER_APPICON_NAME = AppIcon;
				ASSETCATALOG_COMPILER_GLOBAL_ACCENT_COLOR_NAME = AccentColor;
				CODE_SIGN_STYLE = Automatic;
				DEVELOPMENT_TEAM = LT3MWZH387;
				FRAMEWORK_SEARCH_PATHS = (
					"$(inherited)",
					"$(PROJECT_DIR)",
				);
				INFOPLIST_FILE = Jup/Info.plist;
				LD_RUNPATH_SEARCH_PATHS = (
					"$(inherited)",
					"@executable_path/Frameworks",
				);
				OTHER_LDFLAGS = "-ObjC";
				PRODUCT_BUNDLE_IDENTIFIER = Venanzi.Jup;
				PRODUCT_NAME = "$(TARGET_NAME)";
				SWIFT_OBJC_BRIDGING_HEADER = "Jup-Bridging-Header.h";
				SWIFT_VERSION = 5.0;
				TARGETED_DEVICE_FAMILY = "1,2";
			};
			name = Release;
		};
		B67052192571F41C00E4077C /* Debug */ = {
			isa = XCBuildConfiguration;
			baseConfigurationReference = 292C811B77DF784F6C60FC60 /* Pods-JupTests.debug.xcconfig */;
			buildSettings = {
				ALWAYS_EMBED_SWIFT_STANDARD_LIBRARIES = YES;
				BUNDLE_LOADER = "$(TEST_HOST)";
				CODE_SIGN_STYLE = Automatic;
				INFOPLIST_FILE = JupTests/Info.plist;
				IPHONEOS_DEPLOYMENT_TARGET = 14.2;
				LD_RUNPATH_SEARCH_PATHS = (
					"$(inherited)",
					"@executable_path/Frameworks",
					"@loader_path/Frameworks",
				);
				PRODUCT_BUNDLE_IDENTIFIER = Venanzi.JupTests;
				PRODUCT_NAME = "$(TARGET_NAME)";
				SWIFT_VERSION = 5.0;
				TARGETED_DEVICE_FAMILY = "1,2";
				TEST_HOST = "$(BUILT_PRODUCTS_DIR)/Jup.app/Jup";
			};
			name = Debug;
		};
		B670521A2571F41C00E4077C /* Release */ = {
			isa = XCBuildConfiguration;
			baseConfigurationReference = CAE6AA70AFBBB8630F08D731 /* Pods-JupTests.release.xcconfig */;
			buildSettings = {
				ALWAYS_EMBED_SWIFT_STANDARD_LIBRARIES = YES;
				BUNDLE_LOADER = "$(TEST_HOST)";
				CODE_SIGN_STYLE = Automatic;
				INFOPLIST_FILE = JupTests/Info.plist;
				IPHONEOS_DEPLOYMENT_TARGET = 14.2;
				LD_RUNPATH_SEARCH_PATHS = (
					"$(inherited)",
					"@executable_path/Frameworks",
					"@loader_path/Frameworks",
				);
				PRODUCT_BUNDLE_IDENTIFIER = Venanzi.JupTests;
				PRODUCT_NAME = "$(TARGET_NAME)";
				SWIFT_VERSION = 5.0;
				TARGETED_DEVICE_FAMILY = "1,2";
				TEST_HOST = "$(BUILT_PRODUCTS_DIR)/Jup.app/Jup";
			};
			name = Release;
		};
		B670521C2571F41C00E4077C /* Debug */ = {
			isa = XCBuildConfiguration;
			baseConfigurationReference = 1B5B1007181C7345DA10AE30 /* Pods-Jup-JupUITests.debug.xcconfig */;
			buildSettings = {
				ALWAYS_EMBED_SWIFT_STANDARD_LIBRARIES = YES;
				CODE_SIGN_STYLE = Automatic;
				INFOPLIST_FILE = JupUITests/Info.plist;
				LD_RUNPATH_SEARCH_PATHS = (
					"$(inherited)",
					"@executable_path/Frameworks",
					"@loader_path/Frameworks",
				);
				PRODUCT_BUNDLE_IDENTIFIER = Venanzi.JupUITests;
				PRODUCT_NAME = "$(TARGET_NAME)";
				SWIFT_VERSION = 5.0;
				TARGETED_DEVICE_FAMILY = "1,2";
				TEST_TARGET_NAME = Jup;
			};
			name = Debug;
		};
		B670521D2571F41C00E4077C /* Release */ = {
			isa = XCBuildConfiguration;
			baseConfigurationReference = 7AAEC20AE656B1FC30B1A699 /* Pods-Jup-JupUITests.release.xcconfig */;
			buildSettings = {
				ALWAYS_EMBED_SWIFT_STANDARD_LIBRARIES = YES;
				CODE_SIGN_STYLE = Automatic;
				INFOPLIST_FILE = JupUITests/Info.plist;
				LD_RUNPATH_SEARCH_PATHS = (
					"$(inherited)",
					"@executable_path/Frameworks",
					"@loader_path/Frameworks",
				);
				PRODUCT_BUNDLE_IDENTIFIER = Venanzi.JupUITests;
				PRODUCT_NAME = "$(TARGET_NAME)";
				SWIFT_VERSION = 5.0;
				TARGETED_DEVICE_FAMILY = "1,2";
				TEST_TARGET_NAME = Jup;
			};
			name = Release;
		};
/* End XCBuildConfiguration section */

/* Begin XCConfigurationList section */
		B67051E62571F41900E4077C /* Build configuration list for PBXProject "Jup" */ = {
			isa = XCConfigurationList;
			buildConfigurations = (
				B67052132571F41C00E4077C /* Debug */,
				B67052142571F41C00E4077C /* Release */,
			);
			defaultConfigurationIsVisible = 0;
			defaultConfigurationName = Release;
		};
		B67052152571F41C00E4077C /* Build configuration list for PBXNativeTarget "Jup" */ = {
			isa = XCConfigurationList;
			buildConfigurations = (
				B67052162571F41C00E4077C /* Debug */,
				B67052172571F41C00E4077C /* Release */,
			);
			defaultConfigurationIsVisible = 0;
			defaultConfigurationName = Release;
		};
		B67052182571F41C00E4077C /* Build configuration list for PBXNativeTarget "JupTests" */ = {
			isa = XCConfigurationList;
			buildConfigurations = (
				B67052192571F41C00E4077C /* Debug */,
				B670521A2571F41C00E4077C /* Release */,
			);
			defaultConfigurationIsVisible = 0;
			defaultConfigurationName = Release;
		};
		B670521B2571F41C00E4077C /* Build configuration list for PBXNativeTarget "JupUITests" */ = {
			isa = XCConfigurationList;
			buildConfigurations = (
				B670521C2571F41C00E4077C /* Debug */,
				B670521D2571F41C00E4077C /* Release */,
			);
			defaultConfigurationIsVisible = 0;
			defaultConfigurationName = Release;
		};
/* End XCConfigurationList section */
	};
	rootObject = B67051E32571F41900E4077C /* Project object */;
}
